
Microsoft Visual Studio Solution File, Format Version 12.00
# Visual Studio Version 16
VisualStudioVersion = 16.0.31205.134
MinimumVisualStudioVersion = 10.0.40219.1
Project("{9A19103F-16F7-4668-BE54-9A1E7A4F7556}") = "Console-in-memory-repository", "console-in-memory-repository\Console-in-memory-repository.csproj", "{ABCDCC7C-D835-4075-854C-C793C4D98F90}"
EndProject
Project("{FAE04EC0-301F-11D3-BF4B-00C04F79EFBC}") = "Console-in-memory-repository-test", "Console-in-memory-repository-test\Console-in-memory-repository-test.csproj", "{5C825228-CE6B-46D6-BD57-8D32553A872D}"
EndProject
Global
	GlobalSection(SolutionConfigurationPlatforms) = preSolution
		Debug|Any CPU = Debug|Any CPU
		Release|Any CPU = Release|Any CPU
	EndGlobalSection
	GlobalSection(ProjectConfigurationPlatforms) = postSolution
		{ABCDCC7C-D835-4075-854C-C793C4D98F90}.Debug|Any CPU.ActiveCfg = Debug|Any CPU
		{ABCDCC7C-D835-4075-854C-C793C4D98F90}.Debug|Any CPU.Build.0 = Debug|Any CPU
		{ABCDCC7C-D835-4075-854C-C793C4D98F90}.Release|Any CPU.ActiveCfg = Release|Any CPU
		{ABCDCC7C-D835-4075-854C-C793C4D98F90}.Release|Any CPU.Build.0 = Release|Any CPU
		{5C825228-CE6B-46D6-BD57-8D32553A872D}.Debug|Any CPU.ActiveCfg = Debug|Any CPU
		{5C825228-CE6B-46D6-BD57-8D32553A872D}.Debug|Any CPU.Build.0 = Debug|Any CPU
		{5C825228-CE6B-46D6-BD57-8D32553A872D}.Release|Any CPU.ActiveCfg = Release|Any CPU
		{5C825228-CE6B-46D6-BD57-8D32553A872D}.Release|Any CPU.Build.0 = Release|Any CPU
	EndGlobalSection
	GlobalSection(SolutionProperties) = preSolution
		HideSolutionNode = FALSE
	EndGlobalSection
	GlobalSection(ExtensibilityGlobals) = postSolution
		SolutionGuid = {F24C8EAC-088A-4960-91F9-507E5FBCEA77}
	EndGlobalSection
EndGlobal
